
Microsoft Visual Studio Solution File, Format Version 12.00
# Visual Studio 15
VisualStudioVersion = 15.0.27004.2009
MinimumVisualStudioVersion = 10.0.40219.1
Project("{9A19103F-16F7-4668-BE54-9A1E7A4F7556}") = "ej2-documenteditor-server", "ej2-documenteditor-server\ej2-documenteditor-server.csproj", "{D2F1360E-DF8C-4AD2-A8CC-942A180D6762}"
EndProject
Global
	GlobalSection(SolutionConfigurationPlatforms) = preSolution
		Debug|Any CPU = Debug|Any CPU
		Release|Any CPU = Release|Any CPU
		Release-Xml|Any CPU = Release-Xml|Any CPU
	EndGlobalSection
	GlobalSection(ProjectConfigurationPlatforms) = postSolution
		{D2F1360E-DF8C-4AD2-A8CC-942A180D6762}.Debug|Any CPU.ActiveCfg = Debug|Any CPU
		{D2F1360E-DF8C-4AD2-A8CC-942A180D6762}.Debug|Any CPU.Build.0 = Debug|Any CPU
		{D2F1360E-DF8C-4AD2-A8CC-942A180D6762}.Release|Any CPU.ActiveCfg = Release|Any CPU
		{D2F1360E-DF8C-4AD2-A8CC-942A180D6762}.Release|Any CPU.Build.0 = Release|Any CPU
		{D2F1360E-DF8C-4AD2-A8CC-942A180D6762}.Release-Xml|Any CPU.ActiveCfg = Release|Any CPU
		{D2F1360E-DF8C-4AD2-A8CC-942A180D6762}.Release-Xml|Any CPU.Build.0 = Release|Any CPU
		{2374DBFC-F7F2-4B66-ABD0-13546A84F6BD}.Debug|Any CPU.ActiveCfg = Debug|Any CPU
		{2374DBFC-F7F2-4B66-ABD0-13546A84F6BD}.Debug|Any CPU.Build.0 = Debug|Any CPU
		{2374DBFC-F7F2-4B66-ABD0-13546A84F6BD}.Release|Any CPU.ActiveCfg = Release|Any CPU
		{2374DBFC-F7F2-4B66-ABD0-13546A84F6BD}.Release|Any CPU.Build.0 = Release|Any CPU
		{2374DBFC-F7F2-4B66-ABD0-13546A84F6BD}.Release-Xml|Any CPU.ActiveCfg = Release|Any CPU
		{2374DBFC-F7F2-4B66-ABD0-13546A84F6BD}.Release-Xml|Any CPU.Build.0 = Release|Any CPU
	EndGlobalSection
	GlobalSection(SolutionProperties) = preSolution
		HideSolutionNode = FALSE
	EndGlobalSection
	GlobalSection(ExtensibilityGlobals) = postSolution
		SolutionGuid = {00388905-5E88-4BCF-B5FC-E4CAB5FA88EE}
	EndGlobalSection
EndGlobal
